// !$*UTF8*$!
{
	archiveVersion = 1;
	classes = {
	};
	objectVersion = 46;
	objects = {

/* Begin PBXBuildFile section */
		02C23EB91D3E11A200D6C034 /* main.c in Sources */ = {isa = PBXBuildFile; fileRef = 02C23EB81D3E11A200D6C034 /* main.c */; };
		02C23EC11D3E139F00D6C034 /* Box.c in Sources */ = {isa = PBXBuildFile; fileRef = 02C23EBF1D3E139F00D6C034 /* Box.c */; };
		02C23EC41D3E13B700D6C034 /* DHMap.c in Sources */ = {isa = PBXBuildFile; fileRef = 02C23EC21D3E13B700D6C034 /* DHMap.c */; };
		02C23EC71D3E18C100D6C034 /* Color.c in Sources */ = {isa = PBXBuildFile; fileRef = 02C23EC51D3E18C100D6C034 /* Color.c */; };
		02C23ECA1D3F66FE00D6C034 /* Rect.c in Sources */ = {isa = PBXBuildFile; fileRef = 02C23EC81D3F66FE00D6C034 /* Rect.c */; };
		220146E11D410A2900D83FE0 /* Array.c in Sources */ = {isa = PBXBuildFile; fileRef = 220146DF1D410A2900D83FE0 /* Array.c */; };
/* End PBXBuildFile section */

/* Begin PBXCopyFilesBuildPhase section */
		02C23EB31D3E11A200D6C034 /* CopyFiles */ = {
			isa = PBXCopyFilesBuildPhase;
			buildActionMask = 2147483647;
			dstPath = /usr/share/man/man1/;
			dstSubfolderSpec = 0;
			files = (
			);
			runOnlyForDeploymentPostprocessing = 1;
		};
/* End PBXCopyFilesBuildPhase section */

/* Begin PBXFileReference section */
		02C23EB51D3E11A200D6C034 /* disappear_happy_c */ = {isa = PBXFileReference; explicitFileType = "compiled.mach-o.executable"; includeInIndex = 0; path = disappear_happy_c; sourceTree = BUILT_PRODUCTS_DIR; };
		02C23EB81D3E11A200D6C034 /* main.c */ = {isa = PBXFileReference; lastKnownFileType = sourcecode.c.c; path = main.c; sourceTree = "<group>"; };
		02C23EBF1D3E139F00D6C034 /* Box.c */ = {isa = PBXFileReference; fileEncoding = 4; lastKnownFileType = sourcecode.c.c; path = Box.c; sourceTree = "<group>"; };
		02C23EC01D3E139F00D6C034 /* Box.h */ = {isa = PBXFileReference; fileEncoding = 4; lastKnownFileType = sourcecode.c.h; path = Box.h; sourceTree = "<group>"; };
		02C23EC21D3E13B700D6C034 /* DHMap.c */ = {isa = PBXFileReference; fileEncoding = 4; lastKnownFileType = sourcecode.c.c; path = DHMap.c; sourceTree = "<group>"; };
		02C23EC31D3E13B700D6C034 /* DHMap.h */ = {isa = PBXFileReference; fileEncoding = 4; lastKnownFileType = sourcecode.c.h; path = DHMap.h; sourceTree = "<group>"; };
		02C23EC51D3E18C100D6C034 /* Color.c */ = {isa = PBXFileReference; fileEncoding = 4; lastKnownFileType = sourcecode.c.c; path = Color.c; sourceTree = "<group>"; };
		02C23EC61D3E18C100D6C034 /* Color.h */ = {isa = PBXFileReference; fileEncoding = 4; lastKnownFileType = sourcecode.c.h; path = Color.h; sourceTree = "<group>"; };
		02C23EC81D3F66FE00D6C034 /* Rect.c */ = {isa = PBXFileReference; fileEncoding = 4; lastKnownFileType = sourcecode.c.c; path = Rect.c; sourceTree = "<group>"; };
		02C23EC91D3F66FE00D6C034 /* Rect.h */ = {isa = PBXFileReference; fileEncoding = 4; lastKnownFileType = sourcecode.c.h; path = Rect.h; sourceTree = "<group>"; };
		220146DF1D410A2900D83FE0 /* Array.c */ = {isa = PBXFileReference; fileEncoding = 4; lastKnownFileType = sourcecode.c.c; path = Array.c; sourceTree = "<group>"; };
		220146E01D410A2900D83FE0 /* Array.h */ = {isa = PBXFileReference; fileEncoding = 4; lastKnownFileType = sourcecode.c.h; path = Array.h; sourceTree = "<group>"; };
/* End PBXFileReference section */

/* Begin PBXFrameworksBuildPhase section */
		02C23EB21D3E11A200D6C034 /* Frameworks */ = {
			isa = PBXFrameworksBuildPhase;
			buildActionMask = 2147483647;
			files = (
			);
			runOnlyForDeploymentPostprocessing = 0;
		};
/* End PBXFrameworksBuildPhase section */

/* Begin PBXGroup section */
		02C23EAC1D3E11A200D6C034 = {
			isa = PBXGroup;
			children = (
				02C23EB71D3E11A200D6C034 /* disappear_happy_c */,
				02C23EB61D3E11A200D6C034 /* Products */,
			);
			sourceTree = "<group>";
		};
		02C23EB61D3E11A200D6C034 /* Products */ = {
			isa = PBXGroup;
			children = (
				02C23EB51D3E11A200D6C034 /* disappear_happy_c */,
			);
			name = Products;
			sourceTree = "<group>";
		};
		02C23EB71D3E11A200D6C034 /* disappear_happy_c */ = {
			isa = PBXGroup;
			children = (
				220146E21D412EA500D83FE0 /* Core */,
				02C23EB81D3E11A200D6C034 /* main.c */,
			);
			path = disappear_happy_c;
			sourceTree = "<group>";
		};
		220146E21D412EA500D83FE0 /* Core */ = {
			isa = PBXGroup;
			children = (
				02C23EC01D3E139F00D6C034 /* Box.h */,
				02C23EBF1D3E139F00D6C034 /* Box.c */,
				02C23EC61D3E18C100D6C034 /* Color.h */,
				02C23EC51D3E18C100D6C034 /* Color.c */,
				220146E01D410A2900D83FE0 /* Array.h */,
				220146DF1D410A2900D83FE0 /* Array.c */,
				02C23EC91D3F66FE00D6C034 /* Rect.h */,
				02C23EC81D3F66FE00D6C034 /* Rect.c */,
				02C23EC31D3E13B700D6C034 /* DHMap.h */,
				02C23EC21D3E13B700D6C034 /* DHMap.c */,
			);
			name = Core;
			sourceTree = "<group>";
		};
/* End PBXGroup section */

/* Begin PBXNativeTarget section */
		02C23EB41D3E11A200D6C034 /* disappear_happy_c */ = {
			isa = PBXNativeTarget;
			buildConfigurationList = 02C23EBC1D3E11A200D6C034 /* Build configuration list for PBXNativeTarget "disappear_happy_c" */;
			buildPhases = (
				02C23EB11D3E11A200D6C034 /* Sources */,
				02C23EB21D3E11A200D6C034 /* Frameworks */,
				02C23EB31D3E11A200D6C034 /* CopyFiles */,
			);
			buildRules = (
			);
			dependencies = (
			);
			name = disappear_happy_c;
			productName = disappear_happy_c;
			productReference = 02C23EB51D3E11A200D6C034 /* disappear_happy_c */;
			productType = "com.apple.product-type.tool";
		};
/* End PBXNativeTarget section */

/* Begin PBXProject section */
		02C23EAD1D3E11A200D6C034 /* Project object */ = {
			isa = PBXProject;
			attributes = {
				LastUpgradeCheck = 0730;
				ORGANIZATIONNAME = "圈圈科技";
				TargetAttributes = {
					02C23EB41D3E11A200D6C034 = {
						CreatedOnToolsVersion = 7.3;
					};
				};
			};
			buildConfigurationList = 02C23EB01D3E11A200D6C034 /* Build configuration list for PBXProject "disappear_happy_c" */;
			compatibilityVersion = "Xcode 3.2";
			developmentRegion = English;
			hasScannedForEncodings = 0;
			knownRegions = (
				en,
			);
			mainGroup = 02C23EAC1D3E11A200D6C034;
			productRefGroup = 02C23EB61D3E11A200D6C034 /* Products */;
			projectDirPath = "";
			projectRoot = "";
			targets = (
				02C23EB41D3E11A200D6C034 /* disappear_happy_c */,
			);
		};
/* End PBXProject section */

/* Begin PBXSourcesBuildPhase section */
		02C23EB11D3E11A200D6C034 /* Sources */ = {
			isa = PBXSourcesBuildPhase;
			buildActionMask = 2147483647;
			files = (
				02C23ECA1D3F66FE00D6C034 /* Rect.c in Sources */,
				02C23EC41D3E13B700D6C034 /* DHMap.c in Sources */,
				02C23EB91D3E11A200D6C034 /* main.c in Sources */,
				220146E11D410A2900D83FE0 /* Array.c in Sources */,
				02C23EC11D3E139F00D6C034 /* Box.c in Sources */,
				02C23EC71D3E18C100D6C034 /* Color.c in Sources */,
			);
			runOnlyForDeploymentPostprocessing = 0;
		};
/* End PBXSourcesBuildPhase section */

/* Begin XCBuildConfiguration section */
		02C23EBA1D3E11A200D6C034 /* Debug */ = {
			isa = XCBuildConfiguration;
			buildSettings = {
				ALWAYS_SEARCH_USER_PATHS = NO;
				CLANG_ANALYZER_NONNULL = YES;
				CLANG_CXX_LANGUAGE_STANDARD = "gnu++0x";
				CLANG_CXX_LIBRARY = "libc++";
				CLANG_ENABLE_MODULES = YES;
				CLANG_ENABLE_OBJC_ARC = YES;
				CLANG_WARN_BOOL_CONVERSION = YES;
				CLANG_WARN_CONSTANT_CONVERSION = YES;
				CLANG_WARN_DIRECT_OBJC_ISA_USAGE = YES_ERROR;
				CLANG_WARN_EMPTY_BODY = YES;
				CLANG_WARN_ENUM_CONVERSION = YES;
				CLANG_WARN_INT_CONVERSION = YES;
				CLANG_WARN_OBJC_ROOT_CLASS = YES_ERROR;
				CLANG_WARN_UNREACHABLE_CODE = YES;
				CLANG_WARN__DUPLICATE_METHOD_MATCH = YES;
				CODE_SIGN_IDENTITY = "-";
				COPY_PHASE_STRIP = NO;
				DEBUG_INFORMATION_FORMAT = dwarf;
				ENABLE_STRICT_OBJC_MSGSEND = YES;
				ENABLE_TESTABILITY = YES;
				GCC_C_LANGUAGE_STANDARD = gnu99;
				GCC_DYNAMIC_NO_PIC = NO;
				GCC_NO_COMMON_BLOCKS = YES;
				GCC_OPTIMIZATION_LEVEL = 0;
				GCC_PREPROCESSOR_DEFINITIONS = (
					"DEBUG=1",
					"$(inherited)",
				);
				GCC_WARN_64_TO_32_BIT_CONVERSION = YES;
				GCC_WARN_ABOUT_RETURN_TYPE = YES_ERROR;
				GCC_WARN_UNDECLARED_SELECTOR = YES;
				GCC_WARN_UNINITIALIZED_AUTOS = YES_AGGRESSIVE;
				GCC_WARN_UNUSED_FUNCTION = YES;
				GCC_WARN_UNUSED_VARIABLE = YES;
				MACOSX_DEPLOYMENT_TARGET = 10.11;
				MTL_ENABLE_DEBUG_INFO = YES;
				ONLY_ACTIVE_ARCH = YES;
				SDKROOT = macosx;
			};
			name = Debug;
		};
		02C23EBB1D3E11A200D6C034 /* Release */ = {
			isa = XCBuildConfiguration;
			buildSettings = {
				ALWAYS_SEARCH_USER_PATHS = NO;
				CLANG_ANALYZER_NONNULL = YES;
				CLANG_CXX_LANGUAGE_STANDARD = "gnu++0x";
				CLANG_CXX_LIBRARY = "libc++";
				CLANG_ENABLE_MODULES = YES;
				CLANG_ENABLE_OBJC_ARC = YES;
				CLANG_WARN_BOOL_CONVERSION = YES;
				CLANG_WARN_CONSTANT_CONVERSION = YES;
				CLANG_WARN_DIRECT_OBJC_ISA_USAGE = YES_ERROR;
				CLANG_WARN_EMPTY_BODY = YES;
				CLANG_WARN_ENUM_CONVERSION = YES;
				CLANG_WARN_INT_CONVERSION = YES;
				CLANG_WARN_OBJC_ROOT_CLASS = YES_ERROR;
				CLANG_WARN_UNREACHABLE_CODE = YES;
				CLANG_WARN__DUPLICATE_METHOD_MATCH = YES;
				CODE_SIGN_IDENTITY = "-";
				COPY_PHASE_STRIP = NO;
				DEBUG_INFORMATION_FORMAT = "dwarf-with-dsym";
				ENABLE_NS_ASSERTIONS = NO;
				ENABLE_STRICT_OBJC_MSGSEND = YES;
				GCC_C_LANGUAGE_STANDARD = gnu99;
				GCC_NO_COMMON_BLOCKS = YES;
				GCC_WARN_64_TO_32_BIT_CONVERSION = YES;
				GCC_WARN_ABOUT_RETURN_TYPE = YES_ERROR;
				GCC_WARN_UNDECLARED_SELECTOR = YES;
				GCC_WARN_UNINITIALIZED_AUTOS = YES_AGGRESSIVE;
				GCC_WARN_UNUSED_FUNCTION = YES;
				GCC_WARN_UNUSED_VARIABLE = YES;
				MACOSX_DEPLOYMENT_TARGET = 10.11;
				MTL_ENABLE_DEBUG_INFO = NO;
				SDKROOT = macosx;
			};
			name = Release;
		};
		02C23EBD1D3E11A200D6C034 /* Debug */ = {
			isa = XCBuildConfiguration;
			buildSettings = {
				GCC_C_LANGUAGE_STANDARD = gnu99;
				PRODUCT_NAME = "$(TARGET_NAME)";
			};
			name = Debug;
		};
		02C23EBE1D3E11A200D6C034 /* Release */ = {
			isa = XCBuildConfiguration;
			buildSettings = {
				GCC_C_LANGUAGE_STANDARD = gnu99;
				PRODUCT_NAME = "$(TARGET_NAME)";
			};
			name = Release;
		};
/* End XCBuildConfiguration section */

/* Begin XCConfigurationList section */
		02C23EB01D3E11A200D6C034 /* Build configuration list for PBXProject "disappear_happy_c" */ = {
			isa = XCConfigurationList;
			buildConfigurations = (
				02C23EBA1D3E11A200D6C034 /* Debug */,
				02C23EBB1D3E11A200D6C034 /* Release */,
			);
			defaultConfigurationIsVisible = 0;
			defaultConfigurationName = Release;
		};
		02C23EBC1D3E11A200D6C034 /* Build configuration list for PBXNativeTarget "disappear_happy_c" */ = {
			isa = XCConfigurationList;
			buildConfigurations = (
				02C23EBD1D3E11A200D6C034 /* Debug */,
				02C23EBE1D3E11A200D6C034 /* Release */,
			);
			defaultConfigurationIsVisible = 0;
			defaultConfigurationName = Release;
		};
/* End XCConfigurationList section */
	};
	rootObject = 02C23EAD1D3E11A200D6C034 /* Project object */;
}
